// !$*UTF8*$!
{
	archiveVersion = 1;
	classes = {
	};
	objectVersion = 46;
	objects = {

/* Begin PBXBuildFile section */
		F489A3BE16B9EAAD003E9ABB /* UIKit.framework in Frameworks */ = {isa = PBXBuildFile; fileRef = F489A3BD16B9EAAD003E9ABB /* UIKit.framework */; };
		F489A3C016B9EAAD003E9ABB /* Foundation.framework in Frameworks */ = {isa = PBXBuildFile; fileRef = F489A3BF16B9EAAD003E9ABB /* Foundation.framework */; };
		F489A3C216B9EAAD003E9ABB /* CoreGraphics.framework in Frameworks */ = {isa = PBXBuildFile; fileRef = F489A3C116B9EAAD003E9ABB /* CoreGraphics.framework */; };
		F489A3C816B9EAAD003E9ABB /* InfoPlist.strings in Resources */ = {isa = PBXBuildFile; fileRef = F489A3C616B9EAAD003E9ABB /* InfoPlist.strings */; };
		F489A3CA16B9EAAD003E9ABB /* main.m in Sources */ = {isa = PBXBuildFile; fileRef = F489A3C916B9EAAD003E9ABB /* main.m */; };
		F489A3CE16B9EAAD003E9ABB /* AppDelegate.m in Sources */ = {isa = PBXBuildFile; fileRef = F489A3CD16B9EAAD003E9ABB /* AppDelegate.m */; };
		F489A3D016B9EAAD003E9ABB /* Default.png in Resources */ = {isa = PBXBuildFile; fileRef = F489A3CF16B9EAAD003E9ABB /* Default.png */; };
		F489A3D216B9EAAD003E9ABB /* Default@2x.png in Resources */ = {isa = PBXBuildFile; fileRef = F489A3D116B9EAAD003E9ABB /* Default@2x.png */; };
		F489A3D416B9EAAD003E9ABB /* Default-568h@2x.png in Resources */ = {isa = PBXBuildFile; fileRef = F489A3D316B9EAAD003E9ABB /* Default-568h@2x.png */; };
		F489A3D716B9EAAD003E9ABB /* MainStoryboard.storyboard in Resources */ = {isa = PBXBuildFile; fileRef = F489A3D516B9EAAD003E9ABB /* MainStoryboard.storyboard */; };
		F489A3DA16B9EAAD003E9ABB /* ViewController.m in Sources */ = {isa = PBXBuildFile; fileRef = F489A3D916B9EAAD003E9ABB /* ViewController.m */; };
/* End PBXBuildFile section */

/* Begin PBXFileReference section */
		F489A3BA16B9EAAD003E9ABB /* project4.app */ = {isa = PBXFileReference; explicitFileType = wrapper.application; includeInIndex = 0; path = project4.app; sourceTree = BUILT_PRODUCTS_DIR; };
		F489A3BD16B9EAAD003E9ABB /* UIKit.framework */ = {isa = PBXFileReference; lastKnownFileType = wrapper.framework; name = UIKit.framework; path = System/Library/Frameworks/UIKit.framework; sourceTree = SDKROOT; };
		F489A3BF16B9EAAD003E9ABB /* Foundation.framework */ = {isa = PBXFileReference; lastKnownFileType = wrapper.framework; name = Foundation.framework; path = System/Library/Frameworks/Foundation.framework; sourceTree = SDKROOT; };
		F489A3C116B9EAAD003E9ABB /* CoreGraphics.framework */ = {isa = PBXFileReference; lastKnownFileType = wrapper.framework; name = CoreGraphics.framework; path = System/Library/Frameworks/CoreGraphics.framework; sourceTree = SDKROOT; };
		F489A3C516B9EAAD003E9ABB /* project4-Info.plist */ = {isa = PBXFileReference; lastKnownFileType = text.plist.xml; path = "project4-Info.plist"; sourceTree = "<group>"; };
		F489A3C716B9EAAD003E9ABB /* en */ = {isa = PBXFileReference; lastKnownFileType = text.plist.strings; name = en; path = en.lproj/InfoPlist.strings; sourceTree = "<group>"; };
		F489A3C916B9EAAD003E9ABB /* main.m */ = {isa = PBXFileReference; lastKnownFileType = sourcecode.c.objc; path = main.m; sourceTree = "<group>"; };
		F489A3CB16B9EAAD003E9ABB /* project4-Prefix.pch */ = {isa = PBXFileReference; lastKnownFileType = sourcecode.c.h; path = "project4-Prefix.pch"; sourceTree = "<group>"; };
		F489A3CC16B9EAAD003E9ABB /* AppDelegate.h */ = {isa = PBXFileReference; lastKnownFileType = sourcecode.c.h; path = AppDelegate.h; sourceTree = "<group>"; };
		F489A3CD16B9EAAD003E9ABB /* AppDelegate.m */ = {isa = PBXFileReference; lastKnownFileType = sourcecode.c.objc; path = AppDelegate.m; sourceTree = "<group>"; };
		F489A3CF16B9EAAD003E9ABB /* Default.png */ = {isa = PBXFileReference; lastKnownFileType = image.png; path = Default.png; sourceTree = "<group>"; };
		F489A3D116B9EAAD003E9ABB /* Default@2x.png */ = {isa = PBXFileReference; lastKnownFileType = image.png; path = "Default@2x.png"; sourceTree = "<group>"; };
		F489A3D316B9EAAD003E9ABB /* Default-568h@2x.png */ = {isa = PBXFileReference; lastKnownFileType = image.png; path = "Default-568h@2x.png"; sourceTree = "<group>"; };
		F489A3D616B9EAAD003E9ABB /* en */ = {isa = PBXFileReference; lastKnownFileType = file.storyboard; name = en; path = en.lproj/MainStoryboard.storyboard; sourceTree = "<group>"; };
		F489A3D816B9EAAD003E9ABB /* ViewController.h */ = {isa = PBXFileReference; lastKnownFileType = sourcecode.c.h; path = ViewController.h; sourceTree = "<group>"; };
		F489A3D916B9EAAD003E9ABB /* ViewController.m */ = {isa = PBXFileReference; lastKnownFileType = sourcecode.c.objc; path = ViewController.m; sourceTree = "<group>"; };
/* End PBXFileReference section */

/* Begin PBXFrameworksBuildPhase section */
		F489A3B716B9EAAD003E9ABB /* Frameworks */ = {
			isa = PBXFrameworksBuildPhase;
			buildActionMask = 2147483647;
			files = (
				F489A3BE16B9EAAD003E9ABB /* UIKit.framework in Frameworks */,
				F489A3C016B9EAAD003E9ABB /* Foundation.framework in Frameworks */,
				F489A3C216B9EAAD003E9ABB /* CoreGraphics.framework in Frameworks */,
			);
			runOnlyForDeploymentPostprocessing = 0;
		};
/* End PBXFrameworksBuildPhase section */

/* Begin PBXGroup section */
		F489A3B116B9EAAD003E9ABB = {
			isa = PBXGroup;
			children = (
				F489A3C316B9EAAD003E9ABB /* project4 */,
				F489A3BC16B9EAAD003E9ABB /* Frameworks */,
				F489A3BB16B9EAAD003E9ABB /* Products */,
			);
			sourceTree = "<group>";
		};
		F489A3BB16B9EAAD003E9ABB /* Products */ = {
			isa = PBXGroup;
			children = (
				F489A3BA16B9EAAD003E9ABB /* project4.app */,
			);
			name = Products;
			sourceTree = "<group>";
		};
		F489A3BC16B9EAAD003E9ABB /* Frameworks */ = {
			isa = PBXGroup;
			children = (
				F489A3BD16B9EAAD003E9ABB /* UIKit.framework */,
				F489A3BF16B9EAAD003E9ABB /* Foundation.framework */,
				F489A3C116B9EAAD003E9ABB /* CoreGraphics.framework */,
			);
			name = Frameworks;
			sourceTree = "<group>";
		};
		F489A3C316B9EAAD003E9ABB /* project4 */ = {
			isa = PBXGroup;
			children = (
				F489A3CC16B9EAAD003E9ABB /* AppDelegate.h */,
				F489A3CD16B9EAAD003E9ABB /* AppDelegate.m */,
				F489A3D516B9EAAD003E9ABB /* MainStoryboard.storyboard */,
				F489A3D816B9EAAD003E9ABB /* ViewController.h */,
				F489A3D916B9EAAD003E9ABB /* ViewController.m */,
				F489A3C416B9EAAD003E9ABB /* Supporting Files */,
			);
			path = project4;
			sourceTree = "<group>";
		};
		F489A3C416B9EAAD003E9ABB /* Supporting Files */ = {
			isa = PBXGroup;
			children = (
				F489A3C516B9EAAD003E9ABB /* project4-Info.plist */,
				F489A3C616B9EAAD003E9ABB /* InfoPlist.strings */,
				F489A3C916B9EAAD003E9ABB /* main.m */,
				F489A3CB16B9EAAD003E9ABB /* project4-Prefix.pch */,
				F489A3CF16B9EAAD003E9ABB /* Default.png */,
				F489A3D116B9EAAD003E9ABB /* Default@2x.png */,
				F489A3D316B9EAAD003E9ABB /* Default-568h@2x.png */,
			);
			name = "Supporting Files";
			sourceTree = "<group>";
		};
/* End PBXGroup section */

/* Begin PBXNativeTarget section */
		F489A3B916B9EAAD003E9ABB /* project4 */ = {
			isa = PBXNativeTarget;
			buildConfigurationList = F489A3DD16B9EAAD003E9ABB /* Build configuration list for PBXNativeTarget "project4" */;
			buildPhases = (
				F489A3B616B9EAAD003E9ABB /* Sources */,
				F489A3B716B9EAAD003E9ABB /* Frameworks */,
				F489A3B816B9EAAD003E9ABB /* Resources */,
			);
			buildRules = (
			);
			dependencies = (
			);
			name = project4;
			productName = project4;
			productReference = F489A3BA16B9EAAD003E9ABB /* project4.app */;
			productType = "com.apple.product-type.application";
		};
/* End PBXNativeTarget section */

/* Begin PBXProject section */
		F489A3B216B9EAAD003E9ABB /* Project object */ = {
			isa = PBXProject;
			attributes = {
				LastUpgradeCheck = 0460;
				ORGANIZATIONNAME = "Devona Ward";
			};
			buildConfigurationList = F489A3B516B9EAAD003E9ABB /* Build configuration list for PBXProject "project4" */;
			compatibilityVersion = "Xcode 3.2";
			developmentRegion = English;
			hasScannedForEncodings = 0;
			knownRegions = (
				en,
			);
			mainGroup = F489A3B116B9EAAD003E9ABB;
			productRefGroup = F489A3BB16B9EAAD003E9ABB /* Products */;
			projectDirPath = "";
			projectRoot = "";
			targets = (
				F489A3B916B9EAAD003E9ABB /* project4 */,
			);
		};
/* End PBXProject section */

/* Begin PBXResourcesBuildPhase section */
		F489A3B816B9EAAD003E9ABB /* Resources */ = {
			isa = PBXResourcesBuildPhase;
			buildActionMask = 2147483647;
			files = (
				F489A3C816B9EAAD003E9ABB /* InfoPlist.strings in Resources */,
				F489A3D016B9EAAD003E9ABB /* Default.png in Resources */,
				F489A3D216B9EAAD003E9ABB /* Default@2x.png in Resources */,
				F489A3D416B9EAAD003E9ABB /* Default-568h@2x.png in Resources */,
				F489A3D716B9EAAD003E9ABB /* MainStoryboard.storyboard in Resources */,
			);
			runOnlyForDeploymentPostprocessing = 0;
		};
/* End PBXResourcesBuildPhase section */

/* Begin PBXSourcesBuildPhase section */
		F489A3B616B9EAAD003E9ABB /* Sources */ = {
			isa = PBXSourcesBuildPhase;
			buildActionMask = 2147483647;
			files = (
				F489A3CA16B9EAAD003E9ABB /* main.m in Sources */,
				F489A3CE16B9EAAD003E9ABB /* AppDelegate.m in Sources */,
				F489A3DA16B9EAAD003E9ABB /* ViewController.m in Sources */,
			);
			runOnlyForDeploymentPostprocessing = 0;
		};
/* End PBXSourcesBuildPhase section */

/* Begin PBXVariantGroup section */
		F489A3C616B9EAAD003E9ABB /* InfoPlist.strings */ = {
			isa = PBXVariantGroup;
			children = (
				F489A3C716B9EAAD003E9ABB /* en */,
			);
			name = InfoPlist.strings;
			sourceTree = "<group>";
		};
		F489A3D516B9EAAD003E9ABB /* MainStoryboard.storyboard */ = {
			isa = PBXVariantGroup;
			children = (
				F489A3D616B9EAAD003E9ABB /* en */,
			);
			name = MainStoryboard.storyboard;
			sourceTree = "<group>";
		};
/* End PBXVariantGroup section */

/* Begin XCBuildConfiguration section */
		F489A3DB16B9EAAD003E9ABB /* Debug */ = {
			isa = XCBuildConfiguration;
			buildSettings = {
				ALWAYS_SEARCH_USER_PATHS = NO;
				CLANG_CXX_LANGUAGE_STANDARD = "gnu++0x";
				CLANG_CXX_LIBRARY = "libc++";
				CLANG_WARN_CONSTANT_CONVERSION = YES;
				CLANG_WARN_EMPTY_BODY = YES;
				CLANG_WARN_ENUM_CONVERSION = YES;
				CLANG_WARN_INT_CONVERSION = YES;
				CLANG_WARN__DUPLICATE_METHOD_MATCH = YES;
				"CODE_SIGN_IDENTITY[sdk=iphoneos*]" = "iPhone Developer";
				COPY_PHASE_STRIP = NO;
				GCC_C_LANGUAGE_STANDARD = gnu99;
				GCC_DYNAMIC_NO_PIC = NO;
				GCC_OPTIMIZATION_LEVEL = 0;
				GCC_PREPROCESSOR_DEFINITIONS = (
					"DEBUG=1",
					"$(inherited)",
				);
				GCC_SYMBOLS_PRIVATE_EXTERN = NO;
				GCC_WARN_ABOUT_RETURN_TYPE = YES;
				GCC_WARN_UNINITIALIZED_AUTOS = YES;
				GCC_WARN_UNUSED_VARIABLE = YES;
				IPHONEOS_DEPLOYMENT_TARGET = 6.1;
				ONLY_ACTIVE_ARCH = YES;
				SDKROOT = iphoneos;
			};
			name = Debug;
		};
		F489A3DC16B9EAAD003E9ABB /* Release */ = {
			isa = XCBuildConfiguration;
			buildSettings = {
				ALWAYS_SEARCH_USER_PATHS = NO;
				CLANG_CXX_LANGUAGE_STANDARD = "gnu++0x";
				CLANG_CXX_LIBRARY = "libc++";
				CLANG_WARN_CONSTANT_CONVERSION = YES;
				CLANG_WARN_EMPTY_BODY = YES;
				CLANG_WARN_ENUM_CONVERSION = YES;
				CLANG_WARN_INT_CONVERSION = YES;
				CLANG_WARN__DUPLICATE_METHOD_MATCH = YES;
				"CODE_SIGN_IDENTITY[sdk=iphoneos*]" = "iPhone Developer";
				COPY_PHASE_STRIP = YES;
				GCC_C_LANGUAGE_STANDARD = gnu99;
				GCC_WARN_ABOUT_RETURN_TYPE = YES;
				GCC_WARN_UNINITIALIZED_AUTOS = YES;
				GCC_WARN_UNUSED_VARIABLE = YES;
				IPHONEOS_DEPLOYMENT_TARGET = 6.1;
				OTHER_CFLAGS = "-DNS_BLOCK_ASSERTIONS=1";
				SDKROOT = iphoneos;
				VALIDATE_PRODUCT = YES;
			};
			name = Release;
		};
		F489A3DE16B9EAAD003E9ABB /* Debug */ = {
			isa = XCBuildConfiguration;
			buildSettings = {
				GCC_PRECOMPILE_PREFIX_HEADER = YES;
				GCC_PREFIX_HEADER = "project4/project4-Prefix.pch";
				INFOPLIST_FILE = "project4/project4-Info.plist";
				PRODUCT_NAME = "$(TARGET_NAME)";
				WRAPPER_EXTENSION = app;
			};
			name = Debug;
		};
		F489A3DF16B9EAAD003E9ABB /* Release */ = {
			isa = XCBuildConfiguration;
			buildSettings = {
				GCC_PRECOMPILE_PREFIX_HEADER = YES;
				GCC_PREFIX_HEADER = "project4/project4-Prefix.pch";
				INFOPLIST_FILE = "project4/project4-Info.plist";
				PRODUCT_NAME = "$(TARGET_NAME)";
				WRAPPER_EXTENSION = app;
			};
			name = Release;
		};
/* End XCBuildConfiguration section */

/* Begin XCConfigurationList section */
		F489A3B516B9EAAD003E9ABB /* Build configuration list for PBXProject "project4" */ = {
			isa = XCConfigurationList;
			buildConfigurations = (
				F489A3DB16B9EAAD003E9ABB /* Debug */,
				F489A3DC16B9EAAD003E9ABB /* Release */,
			);
			defaultConfigurationIsVisible = 0;
			defaultConfigurationName = Release;
		};
		F489A3DD16B9EAAD003E9ABB /* Build configuration list for PBXNativeTarget "project4" */ = {
			isa = XCConfigurationList;
			buildConfigurations = (
				F489A3DE16B9EAAD003E9ABB /* Debug */,
				F489A3DF16B9EAAD003E9ABB /* Release */,
			);
			defaultConfigurationIsVisible = 0;
		};
/* End XCConfigurationList section */
	};
	rootObject = F489A3B216B9EAAD003E9ABB /* Project object */;
}
